
Microsoft Visual Studio Solution File, Format Version 11.00
# Visual Studio 2010
Project("{FAE04EC0-301F-11D3-BF4B-00C04F79EFBC}") = "MS Project", "Assembly-CSharp.csproj", "{AA081FE2-E9E7-D2AE-14AD-98B7F40690FE}"
EndProject
Global
	GlobalSection(SolutionConfigurationPlatforms) = preSolution
		Debug|Any CPU = Debug|Any CPU
		Release|Any CPU = Release|Any CPU
	EndGlobalSection
	GlobalSection(ProjectConfigurationPlatforms) = postSolution
		{AA081FE2-E9E7-D2AE-14AD-98B7F40690FE}.Debug|Any CPU.ActiveCfg = Debug|Any CPU
		{AA081FE2-E9E7-D2AE-14AD-98B7F40690FE}.Debug|Any CPU.Build.0 = Debug|Any CPU
		{AA081FE2-E9E7-D2AE-14AD-98B7F40690FE}.Release|Any CPU.ActiveCfg = Release|Any CPU
		{AA081FE2-E9E7-D2AE-14AD-98B7F40690FE}.Release|Any CPU.Build.0 = Release|Any CPU
	EndGlobalSection
	GlobalSection(SolutionProperties) = preSolution
		HideSolutionNode = FALSE
	EndGlobalSection
	GlobalSection(MonoDevelopProperties) = preSolution
		StartupItem = Assembly-CSharp.csproj
	EndGlobalSection
EndGlobal
